
Microsoft Visual Studio Solution File, Format Version 12.00
# Visual Studio Version 17
VisualStudioVersion = 17.8.34525.116
MinimumVisualStudioVersion = 10.0.40219.1
Project("{2150E333-8FDC-42A3-9474-1A3956D46DE8}") = "01_Backend", "01_Backend", "{9588AAEE-FB32-4FB2-A43B-3EE0CF80CBBA}"
EndProject
Project("{2150E333-8FDC-42A3-9474-1A3956D46DE8}") = "02_Frontend", "02_Frontend", "{993446C4-6C9E-4FA8-B323-7E2B121AD828}"
EndProject
Project("{2150E333-8FDC-42A3-9474-1A3956D46DE8}") = "03_Common", "03_Common", "{D1C38F9D-3E4C-4269-A5C2-960EC37A0070}"
EndProject
Project("{9A19103F-16F7-4668-BE54-9A1E7A4F7556}") = "OnlineShop.BackofficeWebClient", "OnlineShop.BackofficeWebClient\OnlineShop.BackofficeWebClient.csproj", "{3C16C20A-7F13-47ED-8649-8CC21B6998C6}"
EndProject
Project("{9A19103F-16F7-4668-BE54-9A1E7A4F7556}") = "OnlineShop.OfficeWebClient", "OnlineShop.OfficeWebClient\OnlineShop.OfficeWebClient.csproj", "{00833640-E0EB-4A08-BCEF-5B97CA170F43}"
EndProject
Project("{2150E333-8FDC-42A3-9474-1A3956D46DE8}") = "01_Endpoint", "01_Endpoint", "{C54C2668-4321-4730-A60E-7674B09174EA}"
EndProject
Project("{2150E333-8FDC-42A3-9474-1A3956D46DE8}") = "02_Application", "02_Application", "{DBDC5C22-18D7-42B4-ACC0-412D70CBA01E}"
EndProject
Project("{2150E333-8FDC-42A3-9474-1A3956D46DE8}") = "03_Domain", "03_Domain", "{17FE7A5F-D1F2-4511-854D-CA0519AEB39C}"
EndProject
Project("{2150E333-8FDC-42A3-9474-1A3956D46DE8}") = "04_Infrastructure", "04_Infrastructure", "{21579B44-3B2D-45BC-87F8-7958EB42E773}"
EndProject
Project("{9A19103F-16F7-4668-BE54-9A1E7A4F7556}") = "OnlineShop.Backoffice.WebApiEndpoint", "OnlineShop.Backoffice.WebApiEndpoint\OnlineShop.Backoffice.WebApiEndpoint.csproj", "{460F5519-3E54-464F-A4F2-87E2E1B8D33A}"
EndProject
Project("{9A19103F-16F7-4668-BE54-9A1E7A4F7556}") = "OnlineShop.Domain", "OnlineShop.Domain\OnlineShop.Domain.csproj", "{A8A5EE60-93DC-41F3-A881-8578E8BCB9C8}"
EndProject
Project("{9A19103F-16F7-4668-BE54-9A1E7A4F7556}") = "PublicTools", "PublicTools\PublicTools.csproj", "{E5D49B14-EAF5-441B-A5BB-AD6C0D3612F0}"
EndProject
Project("{9A19103F-16F7-4668-BE54-9A1E7A4F7556}") = "ResponseFramework", "ResponseFramework\ResponseFramework.csproj", "{CE002E7C-9344-4E62-8FAD-9877D1DFBF83}"
EndProject
Project("{9A19103F-16F7-4668-BE54-9A1E7A4F7556}") = "OnlineShop.EFCore", "OnlineShop.EFCore\OnlineShop.EFCore.csproj", "{11EF8294-30ED-42F0-A9CA-17B4D6F98F3A}"
EndProject
Project("{9A19103F-16F7-4668-BE54-9A1E7A4F7556}") = "OnlineShop.Office.WebApiEndpoint", "OnlineShop.Office.WebApiEndpoint\OnlineShop.Office.WebApiEndpoint.csproj", "{4369DC34-47DB-4054-9A80-D35045D5CC14}"
EndProject
Project("{9A19103F-16F7-4668-BE54-9A1E7A4F7556}") = "OnlineShop.RepositoryDesignPattern", "OnlineShop.RepositoryDesignPattern\OnlineShop.RepositoryDesignPattern.csproj", "{64C7A2A2-2FA1-4AAD-9E95-E81B879CA6AB}"
EndProject
Project("{FAE04EC0-301F-11D3-BF4B-00C04F79EFBC}") = "OnlineShop.Application", "OnlineShop.Application\OnlineShop.Application.csproj", "{3F74B06D-A4E6-4DC2-A2DB-FBA4CB7DC846}"
EndProject
Global
	GlobalSection(SolutionConfigurationPlatforms) = preSolution
		Debug|Any CPU = Debug|Any CPU
		Release|Any CPU = Release|Any CPU
	EndGlobalSection
	GlobalSection(ProjectConfigurationPlatforms) = postSolution
		{3C16C20A-7F13-47ED-8649-8CC21B6998C6}.Debug|Any CPU.ActiveCfg = Debug|Any CPU
		{3C16C20A-7F13-47ED-8649-8CC21B6998C6}.Debug|Any CPU.Build.0 = Debug|Any CPU
		{3C16C20A-7F13-47ED-8649-8CC21B6998C6}.Release|Any CPU.ActiveCfg = Release|Any CPU
		{3C16C20A-7F13-47ED-8649-8CC21B6998C6}.Release|Any CPU.Build.0 = Release|Any CPU
		{00833640-E0EB-4A08-BCEF-5B97CA170F43}.Debug|Any CPU.ActiveCfg = Debug|Any CPU
		{00833640-E0EB-4A08-BCEF-5B97CA170F43}.Debug|Any CPU.Build.0 = Debug|Any CPU
		{00833640-E0EB-4A08-BCEF-5B97CA170F43}.Release|Any CPU.ActiveCfg = Release|Any CPU
		{00833640-E0EB-4A08-BCEF-5B97CA170F43}.Release|Any CPU.Build.0 = Release|Any CPU
		{460F5519-3E54-464F-A4F2-87E2E1B8D33A}.Debug|Any CPU.ActiveCfg = Debug|Any CPU
		{460F5519-3E54-464F-A4F2-87E2E1B8D33A}.Debug|Any CPU.Build.0 = Debug|Any CPU
		{460F5519-3E54-464F-A4F2-87E2E1B8D33A}.Release|Any CPU.ActiveCfg = Release|Any CPU
		{460F5519-3E54-464F-A4F2-87E2E1B8D33A}.Release|Any CPU.Build.0 = Release|Any CPU
		{A8A5EE60-93DC-41F3-A881-8578E8BCB9C8}.Debug|Any CPU.ActiveCfg = Debug|Any CPU
		{A8A5EE60-93DC-41F3-A881-8578E8BCB9C8}.Debug|Any CPU.Build.0 = Debug|Any CPU
		{A8A5EE60-93DC-41F3-A881-8578E8BCB9C8}.Release|Any CPU.ActiveCfg = Release|Any CPU
		{A8A5EE60-93DC-41F3-A881-8578E8BCB9C8}.Release|Any CPU.Build.0 = Release|Any CPU
		{E5D49B14-EAF5-441B-A5BB-AD6C0D3612F0}.Debug|Any CPU.ActiveCfg = Debug|Any CPU
		{E5D49B14-EAF5-441B-A5BB-AD6C0D3612F0}.Debug|Any CPU.Build.0 = Debug|Any CPU
		{E5D49B14-EAF5-441B-A5BB-AD6C0D3612F0}.Release|Any CPU.ActiveCfg = Release|Any CPU
		{E5D49B14-EAF5-441B-A5BB-AD6C0D3612F0}.Release|Any CPU.Build.0 = Release|Any CPU
		{CE002E7C-9344-4E62-8FAD-9877D1DFBF83}.Debug|Any CPU.ActiveCfg = Debug|Any CPU
		{CE002E7C-9344-4E62-8FAD-9877D1DFBF83}.Debug|Any CPU.Build.0 = Debug|Any CPU
		{CE002E7C-9344-4E62-8FAD-9877D1DFBF83}.Release|Any CPU.ActiveCfg = Release|Any CPU
		{CE002E7C-9344-4E62-8FAD-9877D1DFBF83}.Release|Any CPU.Build.0 = Release|Any CPU
		{11EF8294-30ED-42F0-A9CA-17B4D6F98F3A}.Debug|Any CPU.ActiveCfg = Debug|Any CPU
		{11EF8294-30ED-42F0-A9CA-17B4D6F98F3A}.Debug|Any CPU.Build.0 = Debug|Any CPU
		{11EF8294-30ED-42F0-A9CA-17B4D6F98F3A}.Release|Any CPU.ActiveCfg = Release|Any CPU
		{11EF8294-30ED-42F0-A9CA-17B4D6F98F3A}.Release|Any CPU.Build.0 = Release|Any CPU
		{4369DC34-47DB-4054-9A80-D35045D5CC14}.Debug|Any CPU.ActiveCfg = Debug|Any CPU
		{4369DC34-47DB-4054-9A80-D35045D5CC14}.Debug|Any CPU.Build.0 = Debug|Any CPU
		{4369DC34-47DB-4054-9A80-D35045D5CC14}.Release|Any CPU.ActiveCfg = Release|Any CPU
		{4369DC34-47DB-4054-9A80-D35045D5CC14}.Release|Any CPU.Build.0 = Release|Any CPU
		{64C7A2A2-2FA1-4AAD-9E95-E81B879CA6AB}.Debug|Any CPU.ActiveCfg = Debug|Any CPU
		{64C7A2A2-2FA1-4AAD-9E95-E81B879CA6AB}.Debug|Any CPU.Build.0 = Debug|Any CPU
		{64C7A2A2-2FA1-4AAD-9E95-E81B879CA6AB}.Release|Any CPU.ActiveCfg = Release|Any CPU
		{64C7A2A2-2FA1-4AAD-9E95-E81B879CA6AB}.Release|Any CPU.Build.0 = Release|Any CPU
		{3F74B06D-A4E6-4DC2-A2DB-FBA4CB7DC846}.Debug|Any CPU.ActiveCfg = Debug|Any CPU
		{3F74B06D-A4E6-4DC2-A2DB-FBA4CB7DC846}.Debug|Any CPU.Build.0 = Debug|Any CPU
		{3F74B06D-A4E6-4DC2-A2DB-FBA4CB7DC846}.Release|Any CPU.ActiveCfg = Release|Any CPU
		{3F74B06D-A4E6-4DC2-A2DB-FBA4CB7DC846}.Release|Any CPU.Build.0 = Release|Any CPU
	EndGlobalSection
	GlobalSection(SolutionProperties) = preSolution
		HideSolutionNode = FALSE
	EndGlobalSection
	GlobalSection(NestedProjects) = preSolution
		{3C16C20A-7F13-47ED-8649-8CC21B6998C6} = {993446C4-6C9E-4FA8-B323-7E2B121AD828}
		{00833640-E0EB-4A08-BCEF-5B97CA170F43} = {993446C4-6C9E-4FA8-B323-7E2B121AD828}
		{C54C2668-4321-4730-A60E-7674B09174EA} = {9588AAEE-FB32-4FB2-A43B-3EE0CF80CBBA}
		{DBDC5C22-18D7-42B4-ACC0-412D70CBA01E} = {9588AAEE-FB32-4FB2-A43B-3EE0CF80CBBA}
		{17FE7A5F-D1F2-4511-854D-CA0519AEB39C} = {9588AAEE-FB32-4FB2-A43B-3EE0CF80CBBA}
		{21579B44-3B2D-45BC-87F8-7958EB42E773} = {9588AAEE-FB32-4FB2-A43B-3EE0CF80CBBA}
		{460F5519-3E54-464F-A4F2-87E2E1B8D33A} = {C54C2668-4321-4730-A60E-7674B09174EA}
		{A8A5EE60-93DC-41F3-A881-8578E8BCB9C8} = {17FE7A5F-D1F2-4511-854D-CA0519AEB39C}
		{E5D49B14-EAF5-441B-A5BB-AD6C0D3612F0} = {D1C38F9D-3E4C-4269-A5C2-960EC37A0070}
		{CE002E7C-9344-4E62-8FAD-9877D1DFBF83} = {D1C38F9D-3E4C-4269-A5C2-960EC37A0070}
		{11EF8294-30ED-42F0-A9CA-17B4D6F98F3A} = {21579B44-3B2D-45BC-87F8-7958EB42E773}
		{4369DC34-47DB-4054-9A80-D35045D5CC14} = {C54C2668-4321-4730-A60E-7674B09174EA}
		{64C7A2A2-2FA1-4AAD-9E95-E81B879CA6AB} = {21579B44-3B2D-45BC-87F8-7958EB42E773}
		{3F74B06D-A4E6-4DC2-A2DB-FBA4CB7DC846} = {DBDC5C22-18D7-42B4-ACC0-412D70CBA01E}
	EndGlobalSection
	GlobalSection(ExtensibilityGlobals) = postSolution
		SolutionGuid = {5ED14707-52BD-4653-A614-FE5D6D4BAD95}
	EndGlobalSection
EndGlobal
